
Microsoft Visual Studio Solution File, Format Version 12.00
# Visual Studio Version 17
VisualStudioVersion = 17.4.33122.133
MinimumVisualStudioVersion = 10.0.40219.1
Project("{FAE04EC0-301F-11D3-BF4B-00C04F79EFBC}") = "mamba_project", "mamba_project\mamba_project.csproj", "{181B46CF-DB5C-4A9D-A5F8-10A58BBE2B7C}"
EndProject
Global
	GlobalSection(SolutionConfigurationPlatforms) = preSolution
		Debug|Any CPU = Debug|Any CPU
		Release|Any CPU = Release|Any CPU
	EndGlobalSection
	GlobalSection(ProjectConfigurationPlatforms) = postSolution
		{181B46CF-DB5C-4A9D-A5F8-10A58BBE2B7C}.Debug|Any CPU.ActiveCfg = Debug|Any CPU
		{181B46CF-DB5C-4A9D-A5F8-10A58BBE2B7C}.Debug|Any CPU.Build.0 = Debug|Any CPU
		{181B46CF-DB5C-4A9D-A5F8-10A58BBE2B7C}.Release|Any CPU.ActiveCfg = Release|Any CPU
		{181B46CF-DB5C-4A9D-A5F8-10A58BBE2B7C}.Release|Any CPU.Build.0 = Release|Any CPU
	EndGlobalSection
	GlobalSection(SolutionProperties) = preSolution
		HideSolutionNode = FALSE
	EndGlobalSection
	GlobalSection(ExtensibilityGlobals) = postSolution
		SolutionGuid = {AC96E2B7-7C6E-41D5-9B42-CA43BDED238D}
	EndGlobalSection
EndGlobal
